<?xml version="1.0" encoding="utf-8"?>
<Project ToolsVersion="4.0" xmlns="http://schemas.microsoft.com/developer/msbuild/2003">

  <!-- Generated from clumsy.vcxproj. Purely cosmetic: it controls how
       Visual Studio groups the files in Solution Explorer. -->

  <ItemGroup>
    <Filter Include="Source Files">
      <UniqueIdentifier>{4FC737F1-C7A5-4376-A066-2A32D752A2FF}</UniqueIdentifier>
      <Extensions>cpp</Extensions>
    </Filter>
    <Filter Include="Source Files\Modules">
      <UniqueIdentifier>{A1B2C3D4-1111-2222-3333-444455556666}</UniqueIdentifier>
    </Filter>
    <Filter Include="Source Files\Infrastructure">
      <UniqueIdentifier>{A1B2C3D4-1111-2222-3333-444455557777}</UniqueIdentifier>
    </Filter>
    <Filter Include="Header Files">
      <UniqueIdentifier>{93995380-89BD-4b04-88EB-625FBE52EBFB}</UniqueIdentifier>
      <Extensions>h;hpp</Extensions>
    </Filter>
    <Filter Include="Resource Files">
      <UniqueIdentifier>{67DA6AB6-F800-4c08-8B7A-83BB121AAD01}</UniqueIdentifier>
      <Extensions>rc;ico;manifest</Extensions>
    </Filter>
  </ItemGroup>

  <ItemGroup>
    <ClCompile Include="$(ProjectRoot)src\main.cpp">
      <Filter>Source Files</Filter>
    </ClCompile>
    <ClCompile Include="$(ProjectRoot)src\divert.cpp">
      <Filter>Source Files</Filter>
    </ClCompile>
    <ClCompile Include="$(ProjectRoot)src\packet.cpp">
      <Filter>Source Files</Filter>
    </ClCompile>
    <ClCompile Include="$(ProjectRoot)src\elevate.cpp">
      <Filter>Source Files\Infrastructure</Filter>
    </ClCompile>
    <ClCompile Include="$(ProjectRoot)src\utils.cpp">
      <Filter>Source Files\Infrastructure</Filter>
    </ClCompile>
    <ClCompile Include="$(ProjectRoot)src\lag.cpp">
      <Filter>Source Files\Modules</Filter>
    </ClCompile>
    <ClCompile Include="$(ProjectRoot)src\jitter.cpp">
      <Filter>Source Files\Modules</Filter>
    </ClCompile>
    <ClCompile Include="$(ProjectRoot)src\drop.cpp">
      <Filter>Source Files\Modules</Filter>
    </ClCompile>
    <ClCompile Include="$(ProjectRoot)src\burstloss.cpp">
      <Filter>Source Files\Modules</Filter>
    </ClCompile>
    <ClCompile Include="$(ProjectRoot)src\blackout.cpp">
      <Filter>Source Files\Modules</Filter>
    </ClCompile>
    <ClCompile Include="$(ProjectRoot)src\throttle.cpp">
      <Filter>Source Files\Modules</Filter>
    </ClCompile>
    <ClCompile Include="$(ProjectRoot)src\duplicate.cpp">
      <Filter>Source Files\Modules</Filter>
    </ClCompile>
    <ClCompile Include="$(ProjectRoot)src\ood.cpp">
      <Filter>Source Files\Modules</Filter>
    </ClCompile>
    <ClCompile Include="$(ProjectRoot)src\tamper.cpp">
      <Filter>Source Files\Modules</Filter>
    </ClCompile>
    <ClCompile Include="$(ProjectRoot)src\corrupt.cpp">
      <Filter>Source Files\Modules</Filter>
    </ClCompile>
    <ClCompile Include="$(ProjectRoot)src\reset.cpp">
      <Filter>Source Files\Modules</Filter>
    </ClCompile>
    <ClCompile Include="$(ProjectRoot)src\bandwidth.cpp">
      <Filter>Source Files\Modules</Filter>
    </ClCompile>
    <ClCompile Include="$(ProjectRoot)src\pipe.cpp">
      <Filter>Source Files\Infrastructure</Filter>
    </ClCompile>
    <ClCompile Include="$(ProjectRoot)src\statslog.cpp">
      <Filter>Source Files\Infrastructure</Filter>
    </ClCompile>
    <ClCompile Include="$(ProjectRoot)src\procfilter.cpp">
      <Filter>Source Files\Infrastructure</Filter>
    </ClCompile>
    <ClCompile Include="$(ProjectRoot)src\scenario.cpp">
      <Filter>Source Files\Infrastructure</Filter>
    </ClCompile>
    <ClCompile Include="$(ProjectRoot)src\profile.cpp">
      <Filter>Source Files\Infrastructure</Filter>
    </ClCompile>
    <ClCompile Include="$(ProjectRoot)src\json.cpp">
      <Filter>Source Files\Infrastructure</Filter>
    </ClCompile>
    <ClCompile Include="$(ProjectRoot)src\controlapi.cpp">
      <Filter>Source Files\Infrastructure</Filter>
    </ClCompile>
    <ClCompile Include="$(ProjectRoot)src\httpserver.cpp">
      <Filter>Source Files\Infrastructure</Filter>
    </ClCompile>
    <ClCompile Include="$(ProjectRoot)src\pcapexport.cpp">
      <Filter>Source Files\Infrastructure</Filter>
    </ClCompile>
    <ClCompile Include="$(ProjectRoot)src\report.cpp">
      <Filter>Source Files\Infrastructure</Filter>
    </ClCompile>
    <ClCompile Include="$(ProjectRoot)src\latency.cpp">
      <Filter>Source Files\Infrastructure</Filter>
    </ClCompile>
    <ClCompile Include="$(ProjectRoot)src\pcapreplay.cpp">
      <Filter>Source Files\Infrastructure</Filter>
    </ClCompile>
    <ClCompile Include="$(ProjectRoot)src\plugin.cpp">
      <Filter>Source Files\Infrastructure</Filter>
    </ClCompile>
    <ClCompile Include="$(ProjectRoot)src\packetutil_win.cpp">
      <Filter>Source Files</Filter>
    </ClCompile>
  </ItemGroup>

  <ItemGroup>
    <ClInclude Include="$(ProjectRoot)src\common.h">
      <Filter>Header Files</Filter>
    </ClInclude>
    <ClInclude Include="$(ProjectRoot)src\json.h">
      <Filter>Header Files</Filter>
    </ClInclude>
    <ClInclude Include="$(ProjectRoot)src\controlapi.h">
      <Filter>Header Files</Filter>
    </ClInclude>
    <ClInclude Include="$(ProjectRoot)src\httpserver.h">
      <Filter>Header Files</Filter>
    </ClInclude>
  </ItemGroup>

  <ItemGroup>
    <ResourceCompile Include="$(ProjectRoot)etc\clumsy.rc">
      <Filter>Resource Files</Filter>
    </ResourceCompile>
  </ItemGroup>

</Project>
