<?xml version="1.0" encoding="utf-8"?>
<Project ToolsVersion="4.0" xmlns="http://schemas.microsoft.com/developer/msbuild/2003">

  <ItemGroup>
    <Filter Include="Source Files">
      <UniqueIdentifier>{4FC737F1-C7A5-4376-A066-2A32D752A2FF}</UniqueIdentifier>
      <Extensions>c;cpp</Extensions>
    </Filter>
    <Filter Include="Source Files\Modules">
      <UniqueIdentifier>{A1B2C3D4-1111-2222-3333-444455556666}</UniqueIdentifier>
    </Filter>
    <Filter Include="Source Files\Infrastructure">
      <UniqueIdentifier>{A1B2C3D4-1111-2222-3333-444455557777}</UniqueIdentifier>
    </Filter>
    <Filter Include="Header Files">
      <UniqueIdentifier>{93995380-89BD-4b04-88EB-625FBE52EBFB}</UniqueIdentifier>
      <Extensions>h;hpp</Extensions>
    </Filter>
    <Filter Include="Resource Files">
      <UniqueIdentifier>{67DA6AB6-F800-4c08-8B7A-83BB121AAD01}</UniqueIdentifier>
      <Extensions>rc;ico;manifest</Extensions>
    </Filter>
  </ItemGroup>

  <!-- Core -->
  <ItemGroup>
    <ClCompile Include="$(ProjectRoot)src\main.c">
      <Filter>Source Files</Filter>
    </ClCompile>
    <ClCompile Include="$(ProjectRoot)src\divert.c">
      <Filter>Source Files\Infrastructure</Filter>
    </ClCompile>
    <ClCompile Include="$(ProjectRoot)src\packet.c">
      <Filter>Source Files\Infrastructure</Filter>
    </ClCompile>
    <ClCompile Include="$(ProjectRoot)src\elevate.c">
      <Filter>Source Files\Infrastructure</Filter>
    </ClCompile>
    <ClCompile Include="$(ProjectRoot)src\utils.c">
      <Filter>Source Files\Infrastructure</Filter>
    </ClCompile>
    <ClCompile Include="$(ProjectRoot)src\pipe.c">
      <Filter>Source Files\Infrastructure</Filter>
    </ClCompile>
    <ClCompile Include="$(ProjectRoot)src\statslog.c">
      <Filter>Source Files\Infrastructure</Filter>
    </ClCompile>
    <ClCompile Include="$(ProjectRoot)src\procfilter.c">
      <Filter>Source Files\Infrastructure</Filter>
    </ClCompile>
    <ClCompile Include="$(ProjectRoot)src\scenario.c">
      <Filter>Source Files\Infrastructure</Filter>
    </ClCompile>
    <ClCompile Include="$(ProjectRoot)src\profile.c">
      <Filter>Source Files\Infrastructure</Filter>
    </ClCompile>

    <!-- Modules -->
    <ClCompile Include="$(ProjectRoot)src\lag.c">
      <Filter>Source Files\Modules</Filter>
    </ClCompile>
    <ClCompile Include="$(ProjectRoot)src\jitter.c">
      <Filter>Source Files\Modules</Filter>
    </ClCompile>
    <ClCompile Include="$(ProjectRoot)src\drop.c">
      <Filter>Source Files\Modules</Filter>
    </ClCompile>
    <ClCompile Include="$(ProjectRoot)src\burstloss.c">
      <Filter>Source Files\Modules</Filter>
    </ClCompile>
    <ClCompile Include="$(ProjectRoot)src\blackout.c">
      <Filter>Source Files\Modules</Filter>
    </ClCompile>
    <ClCompile Include="$(ProjectRoot)src\throttle.c">
      <Filter>Source Files\Modules</Filter>
    </ClCompile>
    <ClCompile Include="$(ProjectRoot)src\duplicate.c">
      <Filter>Source Files\Modules</Filter>
    </ClCompile>
    <ClCompile Include="$(ProjectRoot)src\ood.c">
      <Filter>Source Files\Modules</Filter>
    </ClCompile>
    <ClCompile Include="$(ProjectRoot)src\tamper.c">
      <Filter>Source Files\Modules</Filter>
    </ClCompile>
    <ClCompile Include="$(ProjectRoot)src\reset.c">
      <Filter>Source Files\Modules</Filter>
    </ClCompile>
    <ClCompile Include="$(ProjectRoot)src\bandwidth.c">
      <Filter>Source Files\Modules</Filter>
    </ClCompile>
  </ItemGroup>

  <ItemGroup>
    <ClInclude Include="$(ProjectRoot)src\common.h">
      <Filter>Header Files</Filter>
    </ClInclude>
  </ItemGroup>

  <ItemGroup>
    <ResourceCompile Include="$(ProjectRoot)etc\clumsy.rc">
      <Filter>Resource Files</Filter>
    </ResourceCompile>
  </ItemGroup>

</Project>
